
Microsoft Visual Studio Solution File, Format Version 12.00
# Visual Studio 15
Project("{FAE04EC0-301F-11D3-BF4B-00C04F79EFBC}") = "TimeApi", "TimeApi\TimeApi.csproj", "{D0582608-E5BC-4657-9112-E3C73A7EEA2C}"
EndProject
Project("{FAE04EC0-301F-11D3-BF4B-00C04F79EFBC}") = "TimeApi.Tests", "TimeApi.Tests\TimeApi.Tests.csproj", "{C5202E8D-8745-42C6-B741-FE404B19611B}"
EndProject
Global
	GlobalSection(SolutionConfigurationPlatforms) = preSolution
		Debug|Any CPU = Debug|Any CPU
		Release|Any CPU = Release|Any CPU
	EndGlobalSection
	GlobalSection(ProjectConfigurationPlatforms) = postSolution
		{D0582608-E5BC-4657-9112-E3C73A7EEA2C}.Debug|Any CPU.ActiveCfg = Debug|Any CPU
		{D0582608-E5BC-4657-9112-E3C73A7EEA2C}.Debug|Any CPU.Build.0 = Debug|Any CPU
		{D0582608-E5BC-4657-9112-E3C73A7EEA2C}.Release|Any CPU.ActiveCfg = Release|Any CPU
		{D0582608-E5BC-4657-9112-E3C73A7EEA2C}.Release|Any CPU.Build.0 = Release|Any CPU
		{C5202E8D-8745-42C6-B741-FE404B19611B}.Debug|Any CPU.ActiveCfg = Debug|Any CPU
		{C5202E8D-8745-42C6-B741-FE404B19611B}.Debug|Any CPU.Build.0 = Debug|Any CPU
		{C5202E8D-8745-42C6-B741-FE404B19611B}.Release|Any CPU.ActiveCfg = Release|Any CPU
		{C5202E8D-8745-42C6-B741-FE404B19611B}.Release|Any CPU.Build.0 = Release|Any CPU
	EndGlobalSection
EndGlobal
